
Microsoft Visual Studio Solution File, Format Version 12.00
# Visual Studio Version 17
VisualStudioVersion = 17.8.34309.116
MinimumVisualStudioVersion = 10.0.40219.1
Project("{FAE04EC0-301F-11D3-BF4B-00C04F79EFBC}") = "SampleDbConnection", "SampleDbConnection\SampleDbConnection.csproj", "{21F36A7C-83B4-422A-9700-DF81DCFA7355}"
EndProject
Global
	GlobalSection(SolutionConfigurationPlatforms) = preSolution
		Debug|Any CPU = Debug|Any CPU
		Release|Any CPU = Release|Any CPU
	EndGlobalSection
	GlobalSection(ProjectConfigurationPlatforms) = postSolution
		{21F36A7C-83B4-422A-9700-DF81DCFA7355}.Debug|Any CPU.ActiveCfg = Debug|Any CPU
		{21F36A7C-83B4-422A-9700-DF81DCFA7355}.Debug|Any CPU.Build.0 = Debug|Any CPU
		{21F36A7C-83B4-422A-9700-DF81DCFA7355}.Release|Any CPU.ActiveCfg = Release|Any CPU
		{21F36A7C-83B4-422A-9700-DF81DCFA7355}.Release|Any CPU.Build.0 = Release|Any CPU
	EndGlobalSection
	GlobalSection(SolutionProperties) = preSolution
		HideSolutionNode = FALSE
	EndGlobalSection
	GlobalSection(ExtensibilityGlobals) = postSolution
		SolutionGuid = {31966591-2993-43F5-A6A3-DAB7C88A62EC}
	EndGlobalSection
EndGlobal
